# This file is generated by running "yarn install" inside your project.
# Manual changes might be lost - proceed with caution!

__metadata:
  version: 6
  cacheKey: 8

"01-easy-track@workspace:01-easy-track":
  version: 0.0.0-use.local
  resolution: "01-easy-track@workspace:01-easy-track"
  dependencies:
    "@metaplex-foundation/mpl-core": ^1.10.0
    "@metaplex-foundation/umi": ^1.6.0
    "@metaplex-foundation/umi-bundle-defaults": ^1.6.0
    "@types/node": ^24.0.0
    tsx: ^4.23.15
    typescript: ^5.9.3
  languageName: unknown
  linkType: soft

"03-bonus-editions@workspace:03-bonus-editions":
  version: 0.0.0-use.local
  resolution: "03-bonus-editions@workspace:03-bonus-editions"
  dependencies:
    "@metaplex-foundation/mpl-core": ^1.10.0
    "@metaplex-foundation/umi": ^1.6.0
    "@metaplex-foundation/umi-bundle-defaults": ^1.6.0
    "@types/node": ^24.0.0
    tsx: ^4.23.15
    typescript: ^5.9.3
  languageName: unknown
  linkType: soft

"@esbuild/aix-ppc64@npm:0.28.2":
  version: 0.28.2
  resolution: "@esbuild/aix-ppc64@npm:0.28.2"
  conditions: os=aix & cpu=ppc64
  languageName: node
  linkType: hard

"@esbuild/android-arm64@npm:0.28.2":
  version: 0.28.2
  resolution: "@esbuild/android-arm64@npm:0.28.2"
  conditions: os=android & cpu=arm64
  languageName: node
  linkType: hard

"@esbuild/android-arm@npm:0.28.2":
  version: 0.28.2
  resolution: "@esbuild/android-arm@npm:0.28.2"
  conditions: os=android & cpu=arm
  languageName: node
  linkType: hard

"@esbuild/android-x64@npm:0.28.2":
  version: 0.28.2
  resolution: "@esbuild/android-x64@npm:0.28.2"
  conditions: os=android & cpu=x64
  languageName: node
  linkType: hard

"@esbuild/darwin-arm64@npm:0.28.2":
  version: 0.28.2
  resolution: "@esbuild/darwin-arm64@npm:0.28.2"
  conditions: os=darwin & cpu=arm64
  languageName: node
  linkType: hard

"@esbuild/darwin-x64@npm:0.28.2":
  version: 0.28.2
  resolution: "@esbuild/darwin-x64@npm:0.28.2"
  conditions: os=darwin & cpu=x64
  languageName: node
  linkType: hard

"@esbuild/freebsd-arm64@npm:0.28.2":
  version: 0.28.2
  resolution: "@esbuild/freebsd-arm64@npm:0.28.2"
  conditions: os=freebsd & cpu=arm64
  languageName: node
  linkType: hard

"@esbuild/freebsd-x64@npm:0.28.2":
  version: 0.28.2
  resolution: "@esbuild/freebsd-x64@npm:0.28.2"
  conditions: os=freebsd & cpu=x64
  languageName: node
  linkType: hard

"@esbuild/linux-arm64@npm:0.28.2":
  version: 0.28.2
  resolution: "@esbuild/linux-arm64@npm:0.28.2"
  conditions: os=linux & cpu=arm64
  languageName: node
  linkType: hard

"@esbuild/linux-arm@npm:0.28.2":
  version: 0.28.2
  resolution: "@esbuild/linux-arm@npm:0.28.2"
  conditions: os=linux & cpu=arm
  languageName: node
  linkType: hard

"@esbuild/linux-ia32@npm:0.28.2":
  version: 0.28.2
  resolution: "@esbuild/linux-ia32@npm:0.28.2"
  conditions: os=linux & cpu=ia32
  languageName: node
  linkType: hard

"@esbuild/linux-loong64@npm:0.28.2":
  version: 0.28.2
  resolution: "@esbuild/linux-loong64@npm:0.28.2"
  conditions: os=linux & cpu=loong64
  languageName: node
  linkType: hard

"@esbuild/linux-mips64el@npm:0.28.2":
  version: 0.28.2
  resolution: "@esbuild/linux-mips64el@npm:0.28.2"
  conditions: os=linux & cpu=mips64el
  languageName: node
  linkType: hard

"@esbuild/linux-ppc64@npm:0.28.2":
  version: 0.28.2
  resolution: "@esbuild/linux-ppc64@npm:0.28.2"
  conditions: os=linux & cpu=ppc64
  languageName: node
  linkType: hard

"@esbuild/linux-riscv64@npm:0.28.2":
  version: 0.28.2
  resolution: "@esbuild/linux-riscv64@npm:0.28.2"
  conditions: os=linux & cpu=riscv64
  languageName: node
  linkType: hard

"@esbuild/linux-s390x@npm:0.28.2":
  version: 0.28.2
  resolution: "@esbuild/linux-s390x@npm:0.28.2"
  conditions: os=linux & cpu=s390x
  languageName: node
  linkType: hard

"@esbuild/linux-x64@npm:0.28.2":
  version: 0.28.2
  resolution: "@esbuild/linux-x64@npm:0.28.2"
  conditions: os=linux & cpu=x64
  languageName: node
  linkType: hard

"@esbuild/netbsd-arm64@npm:0.28.2":
  version: 0.28.2
  resolution: "@esbuild/netbsd-arm64@npm:0.28.2"
  conditions: os=netbsd & cpu=arm64
  languageName: node
  linkType: hard

"@esbuild/netbsd-x64@npm:0.28.2":
  version: 0.28.2
  resolution: "@esbuild/netbsd-x64@npm:0.28.2"
  conditions: os=netbsd & cpu=x64
  languageName: node
  linkType: hard

"@esbuild/openbsd-arm64@npm:0.28.2":
  version: 0.28.2
  resolution: "@esbuild/openbsd-arm64@npm:0.28.2"
  conditions: os=openbsd & cpu=arm64
  languageName: node
  linkType: hard

"@esbuild/openbsd-x64@npm:0.28.2":
  version: 0.28.2
  resolution: "@esbuild/openbsd-x64@npm:0.28.2"
  conditions: os=openbsd & cpu=x64
  languageName: node
  linkType: hard

"@esbuild/openharmony-arm64@npm:0.28.2":
  version: 0.28.2
  resolution: "@esbuild/openharmony-arm64@npm:0.28.2"
  conditions: os=openharmony & cpu=arm64
  languageName: node
  linkType: hard

"@esbuild/sunos-x64@npm:0.28.2":
  version: 0.28.2
  resolution: "@esbuild/sunos-x64@npm:0.28.2"
  conditions: os=sunos & cpu=x64
  languageName: node
  linkType: hard

"@esbuild/win32-arm64@npm:0.28.2":
  version: 0.28.2
  resolution: "@esbuild/win32-arm64@npm:0.28.2"
  conditions: os=win32 & cpu=arm64
  languageName: node
  linkType: hard

"@esbuild/win32-ia32@npm:0.28.2":
  version: 0.28.2
  resolution: "@esbuild/win32-ia32@npm:0.28.2"
  conditions: os=win32 & cpu=ia32
  languageName: node
  linkType: hard

"@esbuild/win32-x64@npm:0.28.2":
  version: 0.28.2
  resolution: "@esbuild/win32-x64@npm:0.28.2"
  conditions: os=win32 & cpu=x64
  languageName: node
  linkType: hard

"@isaacs/fs-minipass@npm:^4.0.0":
  version: 4.0.1
  resolution: "@isaacs/fs-minipass@npm:4.0.1"
  dependencies:
    minipass: ^7.0.4
  checksum: 5d36d289960e886484362d9eb6a51d1ea28baed5f5d0140bbe62b99bac52eaf06cc01c2bc0d3575977962f84f6b2c4387b043ee632216643d4787b0999465bf2
  languageName: node
  linkType: hard

"@metaplex-foundation/mpl-core@npm:^1.10.0":
  version: 1.10.0
  resolution: "@metaplex-foundation/mpl-core@npm:1.10.0"
  dependencies:
    "@msgpack/msgpack": ^3.0.0-beta2
  peerDependencies:
    "@metaplex-foundation/umi": ">=0.8.2 <2.0.0"
    "@noble/hashes": ^1.3.1
  checksum: b82b1e30a3341fb523a4f00482f8d903add0f0afd3ac037697bbf5cd46746687c5c25f1efaa78dfd6100fafdc84dd76bec3a2919061fd6c1f7b8fac9fd407563
  languageName: node
  linkType: hard

"@metaplex-foundation/umi-bundle-defaults@npm:^1.6.0":
  version: 1.6.0
  resolution: "@metaplex-foundation/umi-bundle-defaults@npm:1.6.0"
  dependencies:
    "@metaplex-foundation/umi-downloader-http": ^1.6.0
    "@metaplex-foundation/umi-eddsa-web3js": ^1.6.0
    "@metaplex-foundation/umi-http-fetch": ^1.6.0
    "@metaplex-foundation/umi-program-repository": ^1.6.0
    "@metaplex-foundation/umi-rpc-chunk-get-accounts": ^1.6.0
    "@metaplex-foundation/umi-rpc-web3js": ^1.6.0
    "@metaplex-foundation/umi-serializer-data-view": ^1.6.0
    "@metaplex-foundation/umi-transaction-factory-web3js": ^1.6.0
  peerDependencies:
    "@metaplex-foundation/umi": ^1.6.0
    "@solana/web3.js": ^1.99.0
  checksum: 6f1a5a5ebca60d1fe53d6979ca0f9cde3a2570f17e65eb23c8ec992ee2c2f80b5af4869bd91de87f538f42ae377477cc6b608b7775b0720ddb93d3cb1b77d9b0
  languageName: node
  linkType: hard

"@metaplex-foundation/umi-downloader-http@npm:^1.6.0":
  version: 1.6.0
  resolution: "@metaplex-foundation/umi-downloader-http@npm:1.6.0"
  peerDependencies:
    "@metaplex-foundation/umi": ^1.6.0
  checksum: f2d246c39292406abf7469328097c7c3e691cac4317472aa0c74ca8ac828b761785256b2aa0f3d623faa7aceb50e110d6db935ba1c90cffc7946368c0db92fed
  languageName: node
  linkType: hard

"@metaplex-foundation/umi-eddsa-web3js@npm:^1.6.0":
  version: 1.6.0
  resolution: "@metaplex-foundation/umi-eddsa-web3js@npm:1.6.0"
  dependencies:
    "@metaplex-foundation/umi-web3js-adapters": ^1.6.0
    "@noble/curves": ^1.0.0
    yaml: ^2.7.0
  peerDependencies:
    "@metaplex-foundation/umi": ^1.6.0
    "@solana/web3.js": ^1.99.0
  checksum: b900cae7f37d20e6327218470aa590f4c352e1f69e4bfc3adb61f040c0aab423df26ef9ee263a280088a0f86b9c0397b7f3a876520f52ffc697525be349eebff
  languageName: node
  linkType: hard

"@metaplex-foundation/umi-http-fetch@npm:^1.6.0":
  version: 1.6.0
  resolution: "@metaplex-foundation/umi-http-fetch@npm:1.6.0"
  dependencies:
    node-fetch: ^2.6.7
  peerDependencies:
    "@metaplex-foundation/umi": ^1.6.0
  checksum: 2255da2e30542294b2c2f42a72a413edf101b0328ecd5d8e6fe61409143de7a5a4d09a24b6c60a35146c5ef16de5030e442734a9281dee0857dbab822bc7b320
  languageName: node
  linkType: hard

"@metaplex-foundation/umi-options@npm:^1.6.0":
  version: 1.6.0
  resolution: "@metaplex-foundation/umi-options@npm:1.6.0"
  checksum: f34c471e9b035cad381593788fd8ed0adff15afc7bd174e2377f5339bb0b83103a462eff85c53f07c238b04661f22a6aeae8cd7b0060976386c60b5bff97bcf8
  languageName: node
  linkType: hard

"@metaplex-foundation/umi-program-repository@npm:^1.6.0":
  version: 1.6.0
  resolution: "@metaplex-foundation/umi-program-repository@npm:1.6.0"
  peerDependencies:
    "@metaplex-foundation/umi": ^1.6.0
  checksum: 719f7ee99e5f6b754094e1cdba2d7eb4fe4ce5c16fb72339f6bdcf88a6255f3c55e11f32d0439e779f60e812b596f7724865c4ebc410e3cad4e74758884d2fe0
  languageName: node
  linkType: hard

"@metaplex-foundation/umi-public-keys@npm:^1.6.0":
  version: 1.6.0
  resolution: "@metaplex-foundation/umi-public-keys@npm:1.6.0"
  dependencies:
    "@metaplex-foundation/umi-serializers-encodings": ^1.6.0
  checksum: 7ac148eb7d4521f7c29d9a50dd1e686d7c5db73cbc438967ce6644f7790c46a0b110a2c54bde091214908c22de940dd5725bfb847c4c86a71081db2829291b62
  languageName: node
  linkType: hard

"@metaplex-foundation/umi-rpc-chunk-get-accounts@npm:^1.6.0":
  version: 1.6.0
  resolution: "@metaplex-foundation/umi-rpc-chunk-get-accounts@npm:1.6.0"
  peerDependencies:
    "@metaplex-foundation/umi": ^1.6.0
  checksum: 0c25b7e318e079e4858f140576037ee9bff7d572de3b03c251f82278539c8f0d0ee6d81f770169c2e773e387808336e565fd8757d942595a98d5a065aa4514fc
  languageName: node
  linkType: hard

"@metaplex-foundation/umi-rpc-web3js@npm:^1.6.0":
  version: 1.6.0
  resolution: "@metaplex-foundation/umi-rpc-web3js@npm:1.6.0"
  dependencies:
    "@metaplex-foundation/umi-web3js-adapters": ^1.6.0
  peerDependencies:
    "@metaplex-foundation/umi": ^1.6.0
    "@solana/web3.js": ^1.99.0
  checksum: 7cbd31268e954386dfa65922744bb7b9609b6f099dfa4e95aacc532e06fae9a3cab86b75ed485456026e635d757cf8df5c69dd5e24e7d045b9fbdc201ee654cd
  languageName: node
  linkType: hard

"@metaplex-foundation/umi-serializer-data-view@npm:^1.6.0":
  version: 1.6.0
  resolution: "@metaplex-foundation/umi-serializer-data-view@npm:1.6.0"
  peerDependencies:
    "@metaplex-foundation/umi": ^1.6.0
  checksum: cd991001d7c44e6bfe829d51af693a88362343abc377cd688bfe8dcfabc40c8482ee5503f5d575ad1aa922550ec93b5e2420bb223c5fba2b62ce0f0d144cecc1
  languageName: node
  linkType: hard

"@metaplex-foundation/umi-serializers-core@npm:^1.6.0":
  version: 1.6.0
  resolution: "@metaplex-foundation/umi-serializers-core@npm:1.6.0"
  checksum: 4b39dceb6b3e62534cc470910ea35377faf3eee742e2dfcb11f22a1979d01e3d88b79baecf74de47811888698feede7781bbbc36dc60a9d6f4e498c907b7eabc
  languageName: node
  linkType: hard

"@metaplex-foundation/umi-serializers-encodings@npm:^1.6.0":
  version: 1.6.0
  resolution: "@metaplex-foundation/umi-serializers-encodings@npm:1.6.0"
  dependencies:
    "@metaplex-foundation/umi-serializers-core": ^1.6.0
  checksum: 576a134c43e23fcf7a7eb49a78f6f7beb7ac0652f3c16902603dd2abaf638560aa5022a1ab1e063db6b9af106e8f1ac0d718295a57407370480696cc43d4413c
  languageName: node
  linkType: hard

"@metaplex-foundation/umi-serializers-numbers@npm:^1.6.0":
  version: 1.6.0
  resolution: "@metaplex-foundation/umi-serializers-numbers@npm:1.6.0"
  dependencies:
    "@metaplex-foundation/umi-serializers-core": ^1.6.0
  checksum: 8e07dbb80b5fa1b9368ac0d8e78461b7ea0e8b3c37faed44487c94ed65ad18aa3becce96e6f0902b056cfb5962181e5baf0af2d502c0488af77edf9a74871b30
  languageName: node
  linkType: hard

"@metaplex-foundation/umi-serializers@npm:^1.6.0":
  version: 1.6.0
  resolution: "@metaplex-foundation/umi-serializers@npm:1.6.0"
  dependencies:
    "@metaplex-foundation/umi-options": ^1.6.0
    "@metaplex-foundation/umi-public-keys": ^1.6.0
    "@metaplex-foundation/umi-serializers-core": ^1.6.0
    "@metaplex-foundation/umi-serializers-encodings": ^1.6.0
    "@metaplex-foundation/umi-serializers-numbers": ^1.6.0
  checksum: 901c053e6555f4337d181cf76a09e343f0ed7774c403867fc9329f42223eebc6fe651e379ee3b19a15b0ec0df9dc4b19743872d10c030b2b9b5cd7c09b6dae23
  languageName: node
  linkType: hard

"@metaplex-foundation/umi-transaction-factory-web3js@npm:^1.6.0":
  version: 1.6.0
  resolution: "@metaplex-foundation/umi-transaction-factory-web3js@npm:1.6.0"
  dependencies:
    "@metaplex-foundation/umi-web3js-adapters": ^1.6.0
  peerDependencies:
    "@metaplex-foundation/umi": ^1.6.0
    "@solana/web3.js": ^1.99.0
  checksum: d2dae544e4b5a0ddc81b7a0dc49990a004f49a279287d2740dbf8356de33905a2cfb707a016247ec8d9224e90d3883ea966af3d39ffc7eda6accee06bb5e8cb0
  languageName: node
  linkType: hard

"@metaplex-foundation/umi-web3js-adapters@npm:^1.6.0":
  version: 1.6.0
  resolution: "@metaplex-foundation/umi-web3js-adapters@npm:1.6.0"
  dependencies:
    buffer: ^6.0.3
  peerDependencies:
    "@metaplex-foundation/umi": ^1.6.0
    "@solana/web3.js": ^1.99.0
  checksum: 04da2d0684df61102c0b0bbcd4da40e8edfad418b0c581c88445ae987710ca9e9621fa5cab270cd882ae5025cedf39afbac16ed355af1c8d5132165e07a58ec3
  languageName: node
  linkType: hard

"@metaplex-foundation/umi@npm:^1.6.0":
  version: 1.6.0
  resolution: "@metaplex-foundation/umi@npm:1.6.0"
  dependencies:
    "@metaplex-foundation/umi-options": ^1.6.0
    "@metaplex-foundation/umi-public-keys": ^1.6.0
    "@metaplex-foundation/umi-serializers": ^1.6.0
  checksum: d244723e9ca8d844eb52eca8befa14ec48c927ea702095479fcf7f31e210d81384258c53e54f52159110dd0e62b88404d447a4680ccd833dc832ec082ec56d29
  languageName: node
  linkType: hard

"@msgpack/msgpack@npm:^3.0.0-beta2":
  version: 3.1.3
  resolution: "@msgpack/msgpack@npm:3.1.3"
  checksum: b76416a5c52ec1364a78902a43b33d18d2813f469165fe5d4ad22d2b67f1269f7f2ee660a5fee764de117aa47116db61a84aa57cccb9007d7fc7abd01a78ef33
  languageName: node
  linkType: hard

"@noble/curves@npm:^1.0.0":
  version: 1.9.7
  resolution: "@noble/curves@npm:1.9.7"
  dependencies:
    "@noble/hashes": 1.8.0
  checksum: 65acad44ac6944ab96471109087d6cfcbcaa251faad6295961be9a5ace220634f4b7c74a96d1ee2274ad3880ea953d8e8259893ed8c906c831ef29f5c04ec9cc
  languageName: node
  linkType: hard

"@noble/hashes@npm:1.8.0":
  version: 1.8.0
  resolution: "@noble/hashes@npm:1.8.0"
  checksum: c94e98b941963676feaba62475b1ccfa8341e3f572adbb3b684ee38b658df44100187fa0ef4220da580b13f8d27e87d5492623c8a02ecc61f23fb9960c7918f5
  languageName: node
  linkType: hard

"@types/node@npm:^24.0.0":
  version: 24.13.6
  resolution: "@types/node@npm:24.13.6"
  dependencies:
    undici-types: ~7.18.0
  checksum: 503acaddfe1fdbaf894c1d4be792d62f69b573fa70644f4d3bfd5e830f4071d9ec4dcc8d6394312e49e9b0acda41e8980fd921b07ab950c1fe70866a703f07d6
  languageName: node
  linkType: hard

"abbrev@npm:^5.0.0":
  version: 5.0.0
  resolution: "abbrev@npm:5.0.0"
  checksum: 40526a57545197f1ee0a5cb369508acbd33dbb8a19967850d6d60d9bb392d4034fc56d2572ad863b6a8da810f32eb5553cd05d5af265ea829e168697d9963cde
  languageName: node
  linkType: hard

"base64-js@npm:^1.3.1":
  version: 1.5.1
  resolution: "base64-js@npm:1.5.1"
  checksum: 669632eb3745404c2f822a18fc3a0122d2f9a7a13f7fb8b5823ee19d1d2ff9ee5b52c53367176ea4ad093c332fd5ab4bd0ebae5a8e27917a4105a4cfc86b1005
  languageName: node
  linkType: hard

"buffer@npm:^6.0.3":
  version: 6.0.3
  resolution: "buffer@npm:6.0.3"
  dependencies:
    base64-js: ^1.3.1
    ieee754: ^1.2.1
  checksum: 5ad23293d9a731e4318e420025800b42bf0d264004c0286c8cc010af7a270c7a0f6522e84f54b9ad65cbd6db20b8badbfd8d2ebf4f80fa03dab093b89e68c3f9
  languageName: node
  linkType: hard

"chownr@npm:^3.0.0":
  version: 3.0.0
  resolution: "chownr@npm:3.0.0"
  checksum: fd73a4bab48b79e66903fe1cafbdc208956f41ea4f856df883d0c7277b7ab29fd33ee65f93b2ec9192fc0169238f2f8307b7735d27c155821d886b84aa97aa8d
  languageName: node
  linkType: hard

"env-paths@npm:^2.2.0":
  version: 2.2.1
  resolution: "env-paths@npm:2.2.1"
  checksum: 65b5df55a8bab92229ab2b40dad3b387fad24613263d103a97f91c9fe43ceb21965cd3392b1ccb5d77088021e525c4e0481adb309625d0cb94ade1d1fb8dc17e
  languageName: node
  linkType: hard

"esbuild@npm:~0.28.0":
  version: 0.28.2
  resolution: "esbuild@npm:0.28.2"
  dependencies:
    "@esbuild/aix-ppc64": 0.28.2
    "@esbuild/android-arm": 0.28.2
    "@esbuild/android-arm64": 0.28.2
    "@esbuild/android-x64": 0.28.2
    "@esbuild/darwin-arm64": 0.28.2
    "@esbuild/darwin-x64": 0.28.2
    "@esbuild/freebsd-arm64": 0.28.2
    "@esbuild/freebsd-x64": 0.28.2
    "@esbuild/linux-arm": 0.28.2
    "@esbuild/linux-arm64": 0.28.2
    "@esbuild/linux-ia32": 0.28.2
    "@esbuild/linux-loong64": 0.28.2
    "@esbuild/linux-mips64el": 0.28.2
    "@esbuild/linux-ppc64": 0.28.2
    "@esbuild/linux-riscv64": 0.28.2
    "@esbuild/linux-s390x": 0.28.2
    "@esbuild/linux-x64": 0.28.2
    "@esbuild/netbsd-arm64": 0.28.2
    "@esbuild/netbsd-x64": 0.28.2
    "@esbuild/openbsd-arm64": 0.28.2
    "@esbuild/openbsd-x64": 0.28.2
    "@esbuild/openharmony-arm64": 0.28.2
    "@esbuild/sunos-x64": 0.28.2
    "@esbuild/win32-arm64": 0.28.2
    "@esbuild/win32-ia32": 0.28.2
    "@esbuild/win32-x64": 0.28.2
  dependenciesMeta:
    "@esbuild/aix-ppc64":
      optional: true
    "@esbuild/android-arm":
      optional: true
    "@esbuild/android-arm64":
      optional: true
    "@esbuild/android-x64":
      optional: true
    "@esbuild/darwin-arm64":
      optional: true
    "@esbuild/darwin-x64":
      optional: true
    "@esbuild/freebsd-arm64":
      optional: true
    "@esbuild/freebsd-x64":
      optional: true
    "@esbuild/linux-arm":
      optional: true
    "@esbuild/linux-arm64":
      optional: true
    "@esbuild/linux-ia32":
      optional: true
    "@esbuild/linux-loong64":
      optional: true
    "@esbuild/linux-mips64el":
      optional: true
    "@esbuild/linux-ppc64":
      optional: true
    "@esbuild/linux-riscv64":
      optional: true
    "@esbuild/linux-s390x":
      optional: true
    "@esbuild/linux-x64":
      optional: true
    "@esbuild/netbsd-arm64":
      optional: true
    "@esbuild/netbsd-x64":
      optional: true
    "@esbuild/openbsd-arm64":
      optional: true
    "@esbuild/openbsd-x64":
      optional: true
    "@esbuild/openharmony-arm64":
      optional: true
    "@esbuild/sunos-x64":
      optional: true
    "@esbuild/win32-arm64":
      optional: true
    "@esbuild/win32-ia32":
      optional: true
    "@esbuild/win32-x64":
      optional: true
  bin:
    esbuild: bin/esbuild
  checksum: 724788c38454e29cd2dc930f02e593dd9c21ef1c977bba89664b6be16c80c83494d367961b8425a65d41d5a2245d2b1b3e5d21ed41333f6e2dbe1bc83526a62b
  languageName: node
  linkType: hard

"exponential-backoff@npm:^3.1.1":
  version: 3.1.3
  resolution: "exponential-backoff@npm:3.1.3"
  checksum: 471fdb70fd3d2c08a74a026973bdd4105b7832911f610ca67bbb74e39279411c1eed2f2a110c9d41c2edd89459ba58fdaba1c174beed73e7a42d773882dcff82
  languageName: node
  linkType: hard

"fall-school-metaplex-core@workspace:.":
  version: 0.0.0-use.local
  resolution: "fall-school-metaplex-core@workspace:."
  languageName: unknown
  linkType: soft

"fdir@npm:^6.5.0":
  version: 6.5.0
  resolution: "fdir@npm:6.5.0"
  peerDependencies:
    picomatch: ^3 || ^4
  peerDependenciesMeta:
    picomatch:
      optional: true
  checksum: bd537daa9d3cd53887eed35efa0eab2dbb1ca408790e10e024120e7a36c6e9ae2b33710cb8381e35def01bc9c1d7eaba746f886338413e68ff6ebaee07b9a6e8
  languageName: node
  linkType: hard

"fsevents@npm:~2.3.3":
  version: 2.3.3
  resolution: "fsevents@npm:2.3.3"
  dependencies:
    node-gyp: latest
  checksum: 11e6ea6fea15e42461fc55b4b0e4a0a3c654faa567f1877dbd353f39156f69def97a69936d1746619d656c4b93de2238bf731f6085a03a50cabf287c9d024317
  conditions: os=darwin
  languageName: node
  linkType: hard

"fsevents@patch:fsevents@~2.3.3#~builtin<compat/fsevents>":
  version: 2.3.3
  resolution: "fsevents@patch:fsevents@npm%3A2.3.3#~builtin<compat/fsevents>::version=2.3.3&hash=df0bf1"
  dependencies:
    node-gyp: latest
  conditions: os=darwin
  languageName: node
  linkType: hard

"graceful-fs@npm:^4.2.6":
  version: 4.2.11
  resolution: "graceful-fs@npm:4.2.11"
  checksum: ac85f94da92d8eb6b7f5a8b20ce65e43d66761c55ce85ac96df6865308390da45a8d3f0296dd3a663de65d30ba497bd46c696cc1e248c72b13d6d567138a4fc7
  languageName: node
  linkType: hard

"ieee754@npm:^1.2.1":
  version: 1.2.1
  resolution: "ieee754@npm:1.2.1"
  checksum: 5144c0c9815e54ada181d80a0b810221a253562422e7c6c3a60b1901154184f49326ec239d618c416c1c5945a2e197107aee8d986a3dd836b53dffefd99b5e7e
  languageName: node
  linkType: hard

"isexe@npm:^4.0.0":
  version: 4.0.0
  resolution: "isexe@npm:4.0.0"
  checksum: 2ead327ef596042ef9c9ec5f236b316acfaedb87f4bb61b3c3d574fb2e9c8a04b67305e04733bde52c24d9622fdebd3270aadb632adfbf9cadef88fe30f479e5
  languageName: node
  linkType: hard

"minipass@npm:^7.0.4, minipass@npm:^7.1.2":
  version: 7.1.3
  resolution: "minipass@npm:7.1.3"
  checksum: 2ede17c0bf8fec499be3360fd07f0ec7666189e3907320a9b653f1530cf84af98928c5b12d80bfb75f321833bf2e97785b940540213ebdafe97a5f10327e664d
  languageName: node
  linkType: hard

"minizlib@npm:^3.1.0":
  version: 3.1.0
  resolution: "minizlib@npm:3.1.0"
  dependencies:
    minipass: ^7.1.2
  checksum: a15e6f0128f514b7d41a1c68ce531155447f4669e32d279bba1c1c071ef6c2abd7e4d4579bb59ccc2ed1531346749665968fdd7be8d83eb6b6ae2fe1f3d370a7
  languageName: node
  linkType: hard

"node-fetch@npm:^2.6.7":
  version: 2.7.0
  resolution: "node-fetch@npm:2.7.0"
  dependencies:
    whatwg-url: ^5.0.0
  peerDependencies:
    encoding: ^0.1.0
  peerDependenciesMeta:
    encoding:
      optional: true
  checksum: d76d2f5edb451a3f05b15115ec89fc6be39de37c6089f1b6368df03b91e1633fd379a7e01b7ab05089a25034b2023d959b47e59759cb38d88341b2459e89d6e5
  languageName: node
  linkType: hard

"node-gyp@npm:latest":
  version: 13.0.2
  resolution: "node-gyp@npm:13.0.2"
  dependencies:
    env-paths: ^2.2.0
    exponential-backoff: ^3.1.1
    graceful-fs: ^4.2.6
    nopt: ^10.0.0
    proc-log: ^7.0.0
    semver: ^7.3.5
    tar: ^7.5.4
    tinyglobby: ^0.2.12
    undici: ^8.4.1
    which: ^7.0.0
  bin:
    node-gyp: bin/node-gyp.js
  checksum: 08acf4dd37b725a5b87a924597e8eabecc35691991e651c54641224b2daa63619fbcbffc0da8ad19aabed1b9906bdb4d0acf47cfd70f25c5c050423e940cd161
  languageName: node
  linkType: hard

"nopt@npm:^10.0.0":
  version: 10.0.1
  resolution: "nopt@npm:10.0.1"
  dependencies:
    abbrev: ^5.0.0
  bin:
    nopt: bin/nopt.js
  checksum: c2903b9171a3293b731189ace4eaeacc2ed8191bb8f8f74ebfb61babc0de2ff158d97a215fd561070ed0dac567f3b8741955f81a534009e57eb37fdc419d5d4e
  languageName: node
  linkType: hard

"picomatch@npm:^4.0.4":
  version: 4.0.7
  resolution: "picomatch@npm:4.0.7"
  checksum: a97edd7659fc7f39769734bcacd8e9c2f8711d0c30f0caf143577c4d59b3338e17e884ead92805701c71d54040067909e8d3dd45ed814fc8af154ca747fb06a4
  languageName: node
  linkType: hard

"proc-log@npm:^7.0.0":
  version: 7.0.0
  resolution: "proc-log@npm:7.0.0"
  checksum: ded2e976dbfa428777496158db93efdd27523ce17cf7eae0e87c6dbba0f30bb46bbe6409ccdcf5ecea7bdea864ed409afc3b5c60b79f008d42dff79fdd481c27
  languageName: node
  linkType: hard

"semver@npm:^7.3.5":
  version: 7.8.5
  resolution: "semver@npm:7.8.5"
  bin:
    semver: bin/semver.js
  checksum: 0c580f17e88e2b45806dc5cf3d824f719c946999d3554bf30307c2b68b3300ab3c8bfcd84d8f489b93b4cbb5362f5fc8de4d2858954f18d834253c4450fc9f6b
  languageName: node
  linkType: hard

"shared@workspace:shared":
  version: 0.0.0-use.local
  resolution: "shared@workspace:shared"
  dependencies:
    "@metaplex-foundation/mpl-core": ^1.10.0
    "@metaplex-foundation/umi": ^1.6.0
    "@metaplex-foundation/umi-bundle-defaults": ^1.6.0
    "@types/node": ^24.0.0
  languageName: unknown
  linkType: soft

"tar@npm:^7.5.4":
  version: 7.5.22
  resolution: "tar@npm:7.5.22"
  dependencies:
    "@isaacs/fs-minipass": ^4.0.0
    chownr: ^3.0.0
    minipass: ^7.1.2
    minizlib: ^3.1.0
    yallist: ^5.0.0
  checksum: e1434f40954410d191ab6d89017bfd40c24869cfd319d19dd74f84db13cbea15370a22bc9b8ecd699d05c2777ec6297f35dac318ed4829b6e776a7cb4f1f7c68
  languageName: node
  linkType: hard

"tinyglobby@npm:^0.2.12":
  version: 0.2.17
  resolution: "tinyglobby@npm:0.2.17"
  dependencies:
    fdir: ^6.5.0
    picomatch: ^4.0.4
  checksum: 041e73eae568152c376551b21b8a27909d474166a8f405cdb0345991c50cf6afd0f878d7a387645d9c05d8ea2c9a55cc2fd2cfe6c5d5a5264770972b1adcad86
  languageName: node
  linkType: hard

"tr46@npm:~0.0.3":
  version: 0.0.3
  resolution: "tr46@npm:0.0.3"
  checksum: 726321c5eaf41b5002e17ffbd1fb7245999a073e8979085dacd47c4b4e8068ff5777142fc6726d6ca1fd2ff16921b48788b87225cbc57c72636f6efa8efbffe3
  languageName: node
  linkType: hard

"tsx@npm:^4.23.15":
  version: 4.23.15
  resolution: "tsx@npm:4.23.15"
  dependencies:
    esbuild: ~0.28.0
    fsevents: ~2.3.3
  dependenciesMeta:
    fsevents:
      optional: true
  bin:
    tsx: dist/cli.mjs
  checksum: beed01968736c08d8097880cac4a744cdefe6bce3cb8f8c46074fc85bfcb5f915795218c135441fa552f12df202810c9e788da2afdc91b8620d52cebc6285173
  languageName: node
  linkType: hard

"typescript@npm:^5.9.3":
  version: 5.9.3
  resolution: "typescript@npm:5.9.3"
  bin:
    tsc: bin/tsc
    tsserver: bin/tsserver
  checksum: 0d0ffb84f2cd072c3e164c79a2e5a1a1f4f168e84cb2882ff8967b92afe1def6c2a91f6838fb58b168428f9458c57a2ba06a6737711fdd87a256bbe83e9a217f
  languageName: node
  linkType: hard

"typescript@patch:typescript@^5.9.3#~builtin<compat/typescript>":
  version: 5.9.3
  resolution: "typescript@patch:typescript@npm%3A5.9.3#~builtin<compat/typescript>::version=5.9.3&hash=14eedb"
  bin:
    tsc: bin/tsc
    tsserver: bin/tsserver
  checksum: 8bb8d86819ac86a498eada254cad7fb69c5f74778506c700c2a712daeaff21d3a6f51fd0d534fe16903cb010d1b74f89437a3d02d4d0ff5ca2ba9a4660de8497
  languageName: node
  linkType: hard

"undici-types@npm:~7.18.0":
  version: 7.18.2
  resolution: "undici-types@npm:7.18.2"
  checksum: 23da306c8366574adec305b06a8519ab5c7d09e3f5d16c1a98709a34fae17da09ec95198f30f86c00055e02efa8bfcc843e84e8aebeb9b8d6bb3e06afccae07a
  languageName: node
  linkType: hard

"undici@npm:^8.4.1":
  version: 8.11.0
  resolution: "undici@npm:8.11.0"
  checksum: e3096b76d7199a9d134efff679020f2a2c9fbf6803bf6ceed194c099d413652e1b93553db0a972eaa19558a4ddb4f72e703897b82dbd7fd29b27b04fde8cba56
  languageName: node
  linkType: hard

"webidl-conversions@npm:^3.0.0":
  version: 3.0.1
  resolution: "webidl-conversions@npm:3.0.1"
  checksum: c92a0a6ab95314bde9c32e1d0a6dfac83b578f8fa5f21e675bc2706ed6981bc26b7eb7e6a1fab158e5ce4adf9caa4a0aee49a52505d4d13c7be545f15021b17c
  languageName: node
  linkType: hard

"whatwg-url@npm:^5.0.0":
  version: 5.0.0
  resolution: "whatwg-url@npm:5.0.0"
  dependencies:
    tr46: ~0.0.3
    webidl-conversions: ^3.0.0
  checksum: b8daed4ad3356cc4899048a15b2c143a9aed0dfae1f611ebd55073310c7b910f522ad75d727346ad64203d7e6c79ef25eafd465f4d12775ca44b90fa82ed9e2c
  languageName: node
  linkType: hard

"which@npm:^7.0.0":
  version: 7.0.0
  resolution: "which@npm:7.0.0"
  dependencies:
    isexe: ^4.0.0
  bin:
    node-which: bin/which.js
  checksum: 913a43ac10df37602ba9795a004dd7ab12ba7dd592aca1f08ec333be1fdd6a49bbf119a88c3f8d0ea70eeb6251726e77069251424d73000299a0a840ed000732
  languageName: node
  linkType: hard

"yallist@npm:^5.0.0":
  version: 5.0.0
  resolution: "yallist@npm:5.0.0"
  checksum: eba51182400b9f35b017daa7f419f434424410691bbc5de4f4240cc830fdef906b504424992700dc047f16b4d99100a6f8b8b11175c193f38008e9c96322b6a5
  languageName: node
  linkType: hard

"yaml@npm:^2.7.0":
  version: 2.9.1
  resolution: "yaml@npm:2.9.1"
  bin:
    yaml: bin.mjs
  checksum: 583253ce0075cc1b7a4328116380ae2a97d6feb62677ba5d52f7cb774de6e34f1d9e655aaa536347ced55fcaede020253212d1c60c98fc672d43be23ebfcd862
  languageName: node
  linkType: hard
